
Microsoft Visual Studio Solution File, Format Version 12.00
# Visual Studio 2012
Project("{2150E333-8FDC-42A3-9474-1A3956D46DE8}") = "Fruits", "Fruits", "{E1F0CB00-C4F9-4F0F-A639-0D65847C67D4}"
EndProject
Project("{2150E333-8FDC-42A3-9474-1A3956D46DE8}") = "Reports", "Reports", "{1AA00F94-C22C-4690-97BF-DD73641D4C79}"
EndProject
Project("{2150E333-8FDC-42A3-9474-1A3956D46DE8}") = "UI", "UI", "{CE55A640-C137-4E25-A9AC-052B38575D64}"
EndProject
Project("{2150E333-8FDC-42A3-9474-1A3956D46DE8}") = "Common", "Common", "{40E5E784-9369-4E88-A77B-B2BCC0444141}"
EndProject
Project("{FAE04EC0-301F-11D3-BF4B-00C04F79EFBC}") = "Bosft.Controls10", "Bsoft\Bosft.Controls\Bosft.Controls10.csproj", "{1C39C6DB-C329-461A-94F4-0445911055E3}"
EndProject
Project("{FAE04EC0-301F-11D3-BF4B-00C04F79EFBC}") = "Bsoft.Common1", "Bsoft\Bsoft.Common\Bsoft.Common1.csproj", "{4F0D0B88-21A6-4EF5-A888-FFFD23A37CF8}"
EndProject
Project("{FAE04EC0-301F-11D3-BF4B-00C04F79EFBC}") = "Bsoft.Data2", "Bsoft\Bsoft.Data\Bsoft.Data2.csproj", "{84C2624F-732C-4B51-AE62-315ABEAD6C7D}"
EndProject
Project("{FAE04EC0-301F-11D3-BF4B-00C04F79EFBC}") = "Bsoft.Friuts4", "Bsoft\Bsoft.Friuts\Bsoft.Friuts4.csproj", "{5698C48E-540F-49ED-ADEE-C39895F12E9E}"
EndProject
Project("{FAE04EC0-301F-11D3-BF4B-00C04F79EFBC}") = "Bsoft.Report.PDF8", "Bsoft\Bsoft.Reporting\Bsoft.Report.PDF8.csproj", "{4F1D43F7-DED2-4780-9739-E796F6747F46}"
EndProject
Project("{FAE04EC0-301F-11D3-BF4B-00C04F79EFBC}") = "Bsoft.Print6", "Bsoft\Bsoft.Print\Bsoft.Print6.csproj", "{307DFD83-C329-44E9-A31B-BF55B6512416}"
EndProject
Project("{FAE04EC0-301F-11D3-BF4B-00C04F79EFBC}") = "Bsoft.Forms12", "Bsoft\Bsoft.Forms\Bsoft.Forms12.csproj", "{8598F7FD-CF7F-4F30-83C4-AC188B8DDD21}"
EndProject
Project("{FAE04EC0-301F-11D3-BF4B-00C04F79EFBC}") = "Bsoft.Design11", "Bsoft\Bsoft.Design\Bsoft.Design11.csproj", "{A53B2E33-46E6-4509-8910-908AF5D4BB22}"
EndProject
Project("{FAE04EC0-301F-11D3-BF4B-00C04F79EFBC}") = "Bsoft.Report.Excel7", "Bsoft\Bsoft.Report.Excel\Bsoft.Report.Excel7.csproj", "{68FC494A-71A6-42BB-8438-959BF93EB7F5}"
EndProject
Project("{FAE04EC0-301F-11D3-BF4B-00C04F79EFBC}") = "Bsoft.AppCom", "Bsoft\Bsoft.AppCom\Bsoft.AppCom.csproj", "{EB28F253-11A8-4C11-86A5-8F1B5C10E036}"
EndProject
Project("{FAE04EC0-301F-11D3-BF4B-00C04F79EFBC}") = "Bsoft.Languages5", "Bsoft\Bsoft.Languages\Languages\Bsoft.Languages5.csproj", "{A7CA1972-5A6A-4819-9BA4-3B9BE0D68A96}"
EndProject
Project("{FAE04EC0-301F-11D3-BF4B-00C04F79EFBC}") = "Bsoft.Report.Print9", "Bsoft\Bsoft.Report.Print\Bsoft.Report.Print9.csproj", "{9AAD21BA-AC88-44B0-BB48-1EEDB201B503}"
EndProject
Project("{FAE04EC0-301F-11D3-BF4B-00C04F79EFBC}") = "Bsoft.Date3", "Bsoft\Bsoft.Date\Bsoft.Date3.csproj", "{EED00AEE-AEDA-4904-A92F-28DC8B280E2A}"
EndProject
Project("{FAE04EC0-301F-11D3-BF4B-00C04F79EFBC}") = "test", "test\test.csproj", "{7D850DB4-F56E-4A70-AB00-88828B080B33}"
EndProject
Project("{FAE04EC0-301F-11D3-BF4B-00C04F79EFBC}") = "slcok", "Bsoft\Slock-c#\slcok\slcok.csproj", "{F3F9BB33-7E79-4A11-9419-F33B6C172C4B}"
	ProjectSection(ProjectDependencies) = postProject
		{5698C48E-540F-49ED-ADEE-C39895F12E9E} = {5698C48E-540F-49ED-ADEE-C39895F12E9E}
	EndProjectSection
EndProject
Project("{FAE04EC0-301F-11D3-BF4B-00C04F79EFBC}") = "Bsoft.CrystalReport", "Bsoft\Bsoft.CrystalReport\Bsoft.CrystalReport.csproj", "{B82F35E8-0563-42F7-AFC6-E3F8B39B1501}"
EndProject
Project("{FAE04EC0-301F-11D3-BF4B-00C04F79EFBC}") = "RestoSys", "RestoSys\RestoSys\RestoSys.csproj", "{DC5283CD-DCCE-459F-8B4B-81BE65644988}"
EndProject
Project("{FAE04EC0-301F-11D3-BF4B-00C04F79EFBC}") = "Bsoft.DataCommon", "Bsoft\Bsoft.DataCommon\Bsoft.DataCommon.csproj", "{E5CE0F25-294E-4F31-98BE-11625FE0B326}"
EndProject
Project("{FAE04EC0-301F-11D3-BF4B-00C04F79EFBC}") = "Updater", "Bsoft\Updater\Updater.csproj", "{240B771E-8E86-4FD8-88D1-3A8DF7FB67A2}"
EndProject
Project("{FAE04EC0-301F-11D3-BF4B-00C04F79EFBC}") = "DataLayer", "DataLayer\DataLayer.csproj", "{866E1739-9B19-4C08-880D-EAA460494BD7}"
EndProject
Global
	GlobalSection(SolutionConfigurationPlatforms) = preSolution
		Debug|Any CPU = Debug|Any CPU
		Release|Any CPU = Release|Any CPU
	EndGlobalSection
	GlobalSection(ProjectConfigurationPlatforms) = postSolution
		{1C39C6DB-C329-461A-94F4-0445911055E3}.Debug|Any CPU.ActiveCfg = Debug|Any CPU
		{1C39C6DB-C329-461A-94F4-0445911055E3}.Release|Any CPU.ActiveCfg = Release|Any CPU
		{4F0D0B88-21A6-4EF5-A888-FFFD23A37CF8}.Debug|Any CPU.ActiveCfg = Debug|Any CPU
		{4F0D0B88-21A6-4EF5-A888-FFFD23A37CF8}.Debug|Any CPU.Build.0 = Debug|Any CPU
		{4F0D0B88-21A6-4EF5-A888-FFFD23A37CF8}.Release|Any CPU.ActiveCfg = Release|Any CPU
		{84C2624F-732C-4B51-AE62-315ABEAD6C7D}.Debug|Any CPU.ActiveCfg = Debug|Any CPU
		{84C2624F-732C-4B51-AE62-315ABEAD6C7D}.Release|Any CPU.ActiveCfg = Release|Any CPU
		{5698C48E-540F-49ED-ADEE-C39895F12E9E}.Debug|Any CPU.ActiveCfg = Debug|Any CPU
		{5698C48E-540F-49ED-ADEE-C39895F12E9E}.Release|Any CPU.ActiveCfg = Release|Any CPU
		{4F1D43F7-DED2-4780-9739-E796F6747F46}.Debug|Any CPU.ActiveCfg = Debug|Any CPU
		{4F1D43F7-DED2-4780-9739-E796F6747F46}.Release|Any CPU.ActiveCfg = Release|Any CPU
		{307DFD83-C329-44E9-A31B-BF55B6512416}.Debug|Any CPU.ActiveCfg = Debug|Any CPU
		{307DFD83-C329-44E9-A31B-BF55B6512416}.Release|Any CPU.ActiveCfg = Release|Any CPU
		{8598F7FD-CF7F-4F30-83C4-AC188B8DDD21}.Debug|Any CPU.ActiveCfg = Debug|Any CPU
		{8598F7FD-CF7F-4F30-83C4-AC188B8DDD21}.Release|Any CPU.ActiveCfg = Release|Any CPU
		{A53B2E33-46E6-4509-8910-908AF5D4BB22}.Debug|Any CPU.ActiveCfg = Debug|Any CPU
		{A53B2E33-46E6-4509-8910-908AF5D4BB22}.Release|Any CPU.ActiveCfg = Release|Any CPU
		{68FC494A-71A6-42BB-8438-959BF93EB7F5}.Debug|Any CPU.ActiveCfg = Debug|Any CPU
		{68FC494A-71A6-42BB-8438-959BF93EB7F5}.Release|Any CPU.ActiveCfg = Release|Any CPU
		{EB28F253-11A8-4C11-86A5-8F1B5C10E036}.Debug|Any CPU.ActiveCfg = Debug|Any CPU
		{EB28F253-11A8-4C11-86A5-8F1B5C10E036}.Debug|Any CPU.Build.0 = Debug|Any CPU
		{EB28F253-11A8-4C11-86A5-8F1B5C10E036}.Release|Any CPU.ActiveCfg = Release|Any CPU
		{A7CA1972-5A6A-4819-9BA4-3B9BE0D68A96}.Debug|Any CPU.ActiveCfg = Debug|Any CPU
		{A7CA1972-5A6A-4819-9BA4-3B9BE0D68A96}.Release|Any CPU.ActiveCfg = Release|Any CPU
		{9AAD21BA-AC88-44B0-BB48-1EEDB201B503}.Debug|Any CPU.ActiveCfg = Debug|Any CPU
		{9AAD21BA-AC88-44B0-BB48-1EEDB201B503}.Release|Any CPU.ActiveCfg = Release|Any CPU
		{EED00AEE-AEDA-4904-A92F-28DC8B280E2A}.Debug|Any CPU.ActiveCfg = Debug|Any CPU
		{EED00AEE-AEDA-4904-A92F-28DC8B280E2A}.Release|Any CPU.ActiveCfg = Release|Any CPU
		{7D850DB4-F56E-4A70-AB00-88828B080B33}.Debug|Any CPU.ActiveCfg = Debug|Any CPU
		{7D850DB4-F56E-4A70-AB00-88828B080B33}.Debug|Any CPU.Build.0 = Debug|Any CPU
		{7D850DB4-F56E-4A70-AB00-88828B080B33}.Release|Any CPU.ActiveCfg = Release|Any CPU
		{F3F9BB33-7E79-4A11-9419-F33B6C172C4B}.Debug|Any CPU.ActiveCfg = Debug|Any CPU
		{F3F9BB33-7E79-4A11-9419-F33B6C172C4B}.Release|Any CPU.ActiveCfg = Release|Any CPU
		{B82F35E8-0563-42F7-AFC6-E3F8B39B1501}.Debug|Any CPU.ActiveCfg = Debug|Any CPU
		{B82F35E8-0563-42F7-AFC6-E3F8B39B1501}.Release|Any CPU.ActiveCfg = Release|Any CPU
		{DC5283CD-DCCE-459F-8B4B-81BE65644988}.Debug|Any CPU.ActiveCfg = Debug|Any CPU
		{DC5283CD-DCCE-459F-8B4B-81BE65644988}.Debug|Any CPU.Build.0 = Debug|Any CPU
		{DC5283CD-DCCE-459F-8B4B-81BE65644988}.Release|Any CPU.ActiveCfg = Release|Any CPU
		{DC5283CD-DCCE-459F-8B4B-81BE65644988}.Release|Any CPU.Build.0 = Release|Any CPU
		{E5CE0F25-294E-4F31-98BE-11625FE0B326}.Debug|Any CPU.ActiveCfg = Debug|Any CPU
		{E5CE0F25-294E-4F31-98BE-11625FE0B326}.Release|Any CPU.ActiveCfg = Release|Any CPU
		{E5CE0F25-294E-4F31-98BE-11625FE0B326}.Release|Any CPU.Deploy.0 = Release|Any CPU
		{240B771E-8E86-4FD8-88D1-3A8DF7FB67A2}.Debug|Any CPU.ActiveCfg = Debug|Any CPU
		{240B771E-8E86-4FD8-88D1-3A8DF7FB67A2}.Release|Any CPU.ActiveCfg = Release|Any CPU
		{866E1739-9B19-4C08-880D-EAA460494BD7}.Debug|Any CPU.ActiveCfg = Debug|Any CPU
		{866E1739-9B19-4C08-880D-EAA460494BD7}.Debug|Any CPU.Build.0 = Debug|Any CPU
		{866E1739-9B19-4C08-880D-EAA460494BD7}.Release|Any CPU.ActiveCfg = Release|Any CPU
		{866E1739-9B19-4C08-880D-EAA460494BD7}.Release|Any CPU.Build.0 = Release|Any CPU
	EndGlobalSection
	GlobalSection(SolutionProperties) = preSolution
		HideSolutionNode = FALSE
	EndGlobalSection
	GlobalSection(NestedProjects) = preSolution
		{1AA00F94-C22C-4690-97BF-DD73641D4C79} = {E1F0CB00-C4F9-4F0F-A639-0D65847C67D4}
		{CE55A640-C137-4E25-A9AC-052B38575D64} = {E1F0CB00-C4F9-4F0F-A639-0D65847C67D4}
		{40E5E784-9369-4E88-A77B-B2BCC0444141} = {E1F0CB00-C4F9-4F0F-A639-0D65847C67D4}
		{EB28F253-11A8-4C11-86A5-8F1B5C10E036} = {E1F0CB00-C4F9-4F0F-A639-0D65847C67D4}
		{240B771E-8E86-4FD8-88D1-3A8DF7FB67A2} = {E1F0CB00-C4F9-4F0F-A639-0D65847C67D4}
		{4F1D43F7-DED2-4780-9739-E796F6747F46} = {1AA00F94-C22C-4690-97BF-DD73641D4C79}
		{307DFD83-C329-44E9-A31B-BF55B6512416} = {1AA00F94-C22C-4690-97BF-DD73641D4C79}
		{68FC494A-71A6-42BB-8438-959BF93EB7F5} = {1AA00F94-C22C-4690-97BF-DD73641D4C79}
		{9AAD21BA-AC88-44B0-BB48-1EEDB201B503} = {1AA00F94-C22C-4690-97BF-DD73641D4C79}
		{B82F35E8-0563-42F7-AFC6-E3F8B39B1501} = {1AA00F94-C22C-4690-97BF-DD73641D4C79}
		{1C39C6DB-C329-461A-94F4-0445911055E3} = {CE55A640-C137-4E25-A9AC-052B38575D64}
		{8598F7FD-CF7F-4F30-83C4-AC188B8DDD21} = {CE55A640-C137-4E25-A9AC-052B38575D64}
		{A53B2E33-46E6-4509-8910-908AF5D4BB22} = {CE55A640-C137-4E25-A9AC-052B38575D64}
		{F3F9BB33-7E79-4A11-9419-F33B6C172C4B} = {CE55A640-C137-4E25-A9AC-052B38575D64}
		{4F0D0B88-21A6-4EF5-A888-FFFD23A37CF8} = {40E5E784-9369-4E88-A77B-B2BCC0444141}
		{84C2624F-732C-4B51-AE62-315ABEAD6C7D} = {40E5E784-9369-4E88-A77B-B2BCC0444141}
		{5698C48E-540F-49ED-ADEE-C39895F12E9E} = {40E5E784-9369-4E88-A77B-B2BCC0444141}
		{A7CA1972-5A6A-4819-9BA4-3B9BE0D68A96} = {40E5E784-9369-4E88-A77B-B2BCC0444141}
		{EED00AEE-AEDA-4904-A92F-28DC8B280E2A} = {40E5E784-9369-4E88-A77B-B2BCC0444141}
		{E5CE0F25-294E-4F31-98BE-11625FE0B326} = {40E5E784-9369-4E88-A77B-B2BCC0444141}
	EndGlobalSection
EndGlobal
