
Microsoft Visual Studio Solution File, Format Version 10.00
# Visual Studio 2008
Project("{FAE04EC0-301F-11D3-BF4B-00C04F79EFBC}") = "Bsoft.CrystalReport", "..\Bsoft\Bsoft.CrystalReport\Bsoft.CrystalReport.csproj", "{B82F35E8-0563-42F7-AFC6-E3F8B39B1501}"
EndProject
Project("{FAE04EC0-301F-11D3-BF4B-00C04F79EFBC}") = "Reports", "Reports\Reports.csproj", "{2E728B05-1FBE-4C1A-BB35-8330B2DFF047}"
EndProject
Project("{FAE04EC0-301F-11D3-BF4B-00C04F79EFBC}") = "tester", "tester\tester.csproj", "{3030E760-9528-4010-891E-E9A1F0E2BBB0}"
EndProject
Global
	GlobalSection(SolutionConfigurationPlatforms) = preSolution
		Debug|Any CPU = Debug|Any CPU
		Release|Any CPU = Release|Any CPU
	EndGlobalSection
	GlobalSection(ProjectConfigurationPlatforms) = postSolution
		{B82F35E8-0563-42F7-AFC6-E3F8B39B1501}.Debug|Any CPU.ActiveCfg = Debug|Any CPU
		{B82F35E8-0563-42F7-AFC6-E3F8B39B1501}.Debug|Any CPU.Build.0 = Debug|Any CPU
		{B82F35E8-0563-42F7-AFC6-E3F8B39B1501}.Release|Any CPU.ActiveCfg = Release|Any CPU
		{B82F35E8-0563-42F7-AFC6-E3F8B39B1501}.Release|Any CPU.Build.0 = Release|Any CPU
		{2E728B05-1FBE-4C1A-BB35-8330B2DFF047}.Debug|Any CPU.ActiveCfg = Debug|Any CPU
		{2E728B05-1FBE-4C1A-BB35-8330B2DFF047}.Debug|Any CPU.Build.0 = Debug|Any CPU
		{2E728B05-1FBE-4C1A-BB35-8330B2DFF047}.Release|Any CPU.ActiveCfg = Release|Any CPU
		{2E728B05-1FBE-4C1A-BB35-8330B2DFF047}.Release|Any CPU.Build.0 = Release|Any CPU
		{3030E760-9528-4010-891E-E9A1F0E2BBB0}.Debug|Any CPU.ActiveCfg = Debug|Any CPU
		{3030E760-9528-4010-891E-E9A1F0E2BBB0}.Debug|Any CPU.Build.0 = Debug|Any CPU
		{3030E760-9528-4010-891E-E9A1F0E2BBB0}.Release|Any CPU.ActiveCfg = Release|Any CPU
		{3030E760-9528-4010-891E-E9A1F0E2BBB0}.Release|Any CPU.Build.0 = Release|Any CPU
	EndGlobalSection
	GlobalSection(SolutionProperties) = preSolution
		HideSolutionNode = FALSE
	EndGlobalSection
EndGlobal
