
Microsoft Visual Studio Solution File, Format Version 10.00
# Visual Studio 2008
Project("{FAE04EC0-301F-11D3-BF4B-00C04F79EFBC}") = "fsButton", "fsButton.csproj", "{70963B71-5258-406A-B1E5-9D2CF6CAD475}"
EndProject
Project("{FAE04EC0-301F-11D3-BF4B-00C04F79EFBC}") = "testfsbuttons", "testfsbuttons\testfsbuttons.csproj", "{8076989C-5E4C-4A60-A594-4CF68AA398A6}"
EndProject
Global
	GlobalSection(SolutionConfigurationPlatforms) = preSolution
		Debug|Any CPU = Debug|Any CPU
		Release|Any CPU = Release|Any CPU
	EndGlobalSection
	GlobalSection(ProjectConfigurationPlatforms) = postSolution
		{70963B71-5258-406A-B1E5-9D2CF6CAD475}.Debug|Any CPU.ActiveCfg = Debug|Any CPU
		{70963B71-5258-406A-B1E5-9D2CF6CAD475}.Debug|Any CPU.Build.0 = Debug|Any CPU
		{70963B71-5258-406A-B1E5-9D2CF6CAD475}.Release|Any CPU.ActiveCfg = Release|Any CPU
		{70963B71-5258-406A-B1E5-9D2CF6CAD475}.Release|Any CPU.Build.0 = Release|Any CPU
		{8076989C-5E4C-4A60-A594-4CF68AA398A6}.Debug|Any CPU.ActiveCfg = Debug|Any CPU
		{8076989C-5E4C-4A60-A594-4CF68AA398A6}.Debug|Any CPU.Build.0 = Debug|Any CPU
		{8076989C-5E4C-4A60-A594-4CF68AA398A6}.Release|Any CPU.ActiveCfg = Release|Any CPU
		{8076989C-5E4C-4A60-A594-4CF68AA398A6}.Release|Any CPU.Build.0 = Release|Any CPU
	EndGlobalSection
	GlobalSection(SolutionProperties) = preSolution
		HideSolutionNode = FALSE
	EndGlobalSection
EndGlobal
